#
# This file is autogenerated by pip-compile with Python 3.12
# by the following command:
#
#    pip-compile --no-index --output-file=requirements.lock --strip-extras requirements.in
#
asgiref==3.11.1
    # via django
cairocffi==1.7.1
    # via cairosvg
cairosvg==2.9.0
    # via -r requirements.in
certifi==2026.6.17
    # via requests
cffi==2.0.0
    # via
    #   cairocffi
    #   cryptography
charset-normalizer==3.4.7
    # via
    #   pdfminer-six
    #   requests
cryptography==49.0.0
    # via pdfminer-six
cssselect2==0.9.0
    # via cairosvg
defusedxml==0.7.1
    # via cairosvg
django==5.2.15
    # via -r requirements.in
django-ratelimit==4.1.0
    # via -r requirements.in
idna==3.18
    # via requests
lxml==6.1.1
    # via python-pptx
pdfminer-six==20260107
    # via -r requirements.in
pillow==12.3.0
    # via
    #   -r requirements.in
    #   cairosvg
    #   python-pptx
pycparser==3.0
    # via cffi
pymupdf==1.28.0
    # via -r requirements.in
python-dotenv==1.2.2
    # via -r requirements.in
python-pptx==1.0.2
    # via -r requirements.in
requests==2.34.2
    # via -r requirements.in
sqlparse==0.5.5
    # via django
tinycss2==1.5.1
    # via
    #   cairosvg
    #   cssselect2
typing-extensions==4.16.0
    # via python-pptx
urllib3==2.7.0
    # via requests
webencodings==0.5.1
    # via
    #   cssselect2
    #   tinycss2
xlsxwriter==3.2.9
    # via python-pptx
